# Managed by azldev component update. Do not edit manually.
version = 1
import-commit = '9f5fcad16a203b067f983d436d76ee183aa03e8f'
upstream-commit = '03ef018a087542d7679a44b52ea78df6292fc40c'
manual-bump = 2
input-fingerprint = 'sha256:79cef355d3c82215e90561a977e82d274ee2c79d6723be611aea8e2eddad8799'
resolution-input-hash = 'sha256:2f28ab3acf76be3f204b5af6296868e6365fcd5554d51c959e59c14de0a10e87'
