# Managed by azldev component update. Do not edit manually.
version = 1
import-commit = 'e6f01c53ca35f9fbad3bf45f227275550935b9d9'
upstream-commit = 'dce497223296ba6f5ce8cb14cebc62a7591a87dd'
manual-bump = 2
input-fingerprint = 'sha256:a4fa2a39af738f44f72363961613e7d605721a4bf5a95f44138ab39f8b0d8ac6'
resolution-input-hash = 'sha256:2f28ab3acf76be3f204b5af6296868e6365fcd5554d51c959e59c14de0a10e87'
